// !$*UTF8*$!
{
	archiveVersion = 1;
	classes = {
	};
	objectVersion = 77;
	objects = {

/* Begin PBXBuildFile section */
			A10000000000000000000001 /* AppAlignApp.swift in Sources */ = {isa = PBXBuildFile; fileRef = A20000000000000000000001 /* AppAlignApp.swift */; };
			A10000000000000000000002 /* ContentView.swift in Sources */ = {isa = PBXBuildFile; fileRef = A20000000000000000000002 /* ContentView.swift */; };
			A10000000000000000000006 /* LayoutEditorView.swift in Sources */ = {isa = PBXBuildFile; fileRef = A20000000000000000000006 /* LayoutEditorView.swift */; };
			A10000000000000000000007 /* LayoutEditorPreview.swift in Sources */ = {isa = PBXBuildFile; fileRef = A20000000000000000000007 /* LayoutEditorPreview.swift */; };
			A10000000000000000000003 /* WindowManagement.swift in Sources */ = {isa = PBXBuildFile; fileRef = A20000000000000000000005 /* WindowManagement.swift */; };
			B10000000000000000000001 /* DisplayModels.swift in Sources */ = {isa = PBXBuildFile; fileRef = B20000000000000000000001 /* DisplayModels.swift */; };
			B10000000000000000000002 /* DisplayGeometry.swift in Sources */ = {isa = PBXBuildFile; fileRef = B20000000000000000000002 /* DisplayGeometry.swift */; };
			B10000000000000000000003 /* DisplayProvider.swift in Sources */ = {isa = PBXBuildFile; fileRef = B20000000000000000000003 /* DisplayProvider.swift */; };
			B10000000000000000000004 /* LayoutModels.swift in Sources */ = {isa = PBXBuildFile; fileRef = B20000000000000000000004 /* LayoutModels.swift */; };
			B10000000000000000000005 /* LayoutEngine.swift in Sources */ = {isa = PBXBuildFile; fileRef = B20000000000000000000005 /* LayoutEngine.swift */; };
			B10000000000000000000006 /* LayoutTemplates.swift in Sources */ = {isa = PBXBuildFile; fileRef = B20000000000000000000006 /* LayoutTemplates.swift */; };
			B10000000000000000000007 /* LayoutController.swift in Sources */ = {isa = PBXBuildFile; fileRef = B20000000000000000000007 /* LayoutController.swift */; };
			B10000000000000000000008 /* LayoutPreview.swift in Sources */ = {isa = PBXBuildFile; fileRef = B20000000000000000000008 /* LayoutPreview.swift */; };
			B10000000000000000000009 /* DisplayModels.swift in Tests */ = {isa = PBXBuildFile; fileRef = B20000000000000000000001 /* DisplayModels.swift */; };
			B1000000000000000000000A /* DisplayGeometry.swift in Tests */ = {isa = PBXBuildFile; fileRef = B20000000000000000000002 /* DisplayGeometry.swift */; };
			B1000000000000000000000B /* LayoutModels.swift in Tests */ = {isa = PBXBuildFile; fileRef = B20000000000000000000004 /* LayoutModels.swift */; };
			B1000000000000000000000C /* LayoutEngine.swift in Tests */ = {isa = PBXBuildFile; fileRef = B20000000000000000000005 /* LayoutEngine.swift */; };
			B1000000000000000000000D /* LayoutTemplates.swift in Tests */ = {isa = PBXBuildFile; fileRef = B20000000000000000000006 /* LayoutTemplates.swift */; };
			B1000000000000000000000E /* LayoutEngineTests.swift in Tests */ = {isa = PBXBuildFile; fileRef = B20000000000000000000009 /* LayoutEngineTests.swift */; };
			B1000000000000000000000F /* THIRD_PARTY_NOTICES.md in Resources */ = {isa = PBXBuildFile; fileRef = B2000000000000000000000B /* THIRD_PARTY_NOTICES.md */; };
			B10000000000000000000010 /* Persistence.swift in Sources */ = {isa = PBXBuildFile; fileRef = B2000000000000000000000C /* Persistence.swift */; };
			B10000000000000000000011 /* Persistence.swift in Tests */ = {isa = PBXBuildFile; fileRef = B2000000000000000000000C /* Persistence.swift */; };
			B10000000000000000000012 /* DisplayProvider.swift in Tests */ = {isa = PBXBuildFile; fileRef = B20000000000000000000003 /* DisplayProvider.swift */; };
			B10000000000000000000013 /* LayoutController.swift in Tests */ = {isa = PBXBuildFile; fileRef = B20000000000000000000007 /* LayoutController.swift */; };
			B10000000000000000000014 /* WindowManagement.swift in Tests */ = {isa = PBXBuildFile; fileRef = A20000000000000000000005 /* WindowManagement.swift */; };
			B10000000000000000000015 /* PersistenceTests.swift in Tests */ = {isa = PBXBuildFile; fileRef = B2000000000000000000000D /* PersistenceTests.swift */; };
			B10000000000000000000016 /* LayoutEditing.swift in Sources */ = {isa = PBXBuildFile; fileRef = B20000000000000000000010 /* LayoutEditing.swift */; };
			B10000000000000000000017 /* LayoutEditorModel.swift in Sources */ = {isa = PBXBuildFile; fileRef = B20000000000000000000011 /* LayoutEditorModel.swift */; };
			B10000000000000000000018 /* LayoutEditing.swift in Tests */ = {isa = PBXBuildFile; fileRef = B20000000000000000000010 /* LayoutEditing.swift */; };
			B10000000000000000000019 /* LayoutEditorTests.swift in Tests */ = {isa = PBXBuildFile; fileRef = B20000000000000000000012 /* LayoutEditorTests.swift */; };
			B1000000000000000000001A /* LayoutEditorModel.swift in Tests */ = {isa = PBXBuildFile; fileRef = B20000000000000000000011 /* LayoutEditorModel.swift */; };
			B1000000000000000000001B /* LayoutEditorConcurrencyTests.swift in Tests */ = {isa = PBXBuildFile; fileRef = B20000000000000000000013 /* LayoutEditorConcurrencyTests.swift */; };
/* End PBXBuildFile section */

/* Begin PBXFileReference section */
			A20000000000000000000001 /* AppAlignApp.swift */ = {isa = PBXFileReference; lastKnownFileType = sourcecode.swift; path = AppAlignApp.swift; sourceTree = "<group>"; };
			A20000000000000000000002 /* ContentView.swift */ = {isa = PBXFileReference; lastKnownFileType = sourcecode.swift; path = ContentView.swift; sourceTree = "<group>"; };
			A20000000000000000000005 /* WindowManagement.swift */ = {isa = PBXFileReference; lastKnownFileType = sourcecode.swift; path = WindowManagement.swift; sourceTree = "<group>"; };
			A20000000000000000000006 /* LayoutEditorView.swift */ = {isa = PBXFileReference; lastKnownFileType = sourcecode.swift; path = LayoutEditorView.swift; sourceTree = "<group>"; };
			A20000000000000000000007 /* LayoutEditorPreview.swift */ = {isa = PBXFileReference; lastKnownFileType = sourcecode.swift; path = LayoutEditorPreview.swift; sourceTree = "<group>"; };
			A20000000000000000000003 /* Assets.xcassets */ = {isa = PBXFileReference; lastKnownFileType = folder.assetcatalog; path = Assets.xcassets; sourceTree = "<group>"; };
			A20000000000000000000004 /* AppAlign.app */ = {isa = PBXFileReference; explicitFileType = wrapper.application; includeInIndex = 0; path = AppAlign.app; sourceTree = BUILT_PRODUCTS_DIR; };
			B20000000000000000000001 /* DisplayModels.swift */ = {isa = PBXFileReference; lastKnownFileType = sourcecode.swift; path = DisplayModels.swift; sourceTree = "<group>"; };
			B20000000000000000000002 /* DisplayGeometry.swift */ = {isa = PBXFileReference; lastKnownFileType = sourcecode.swift; path = DisplayGeometry.swift; sourceTree = "<group>"; };
			B20000000000000000000003 /* DisplayProvider.swift */ = {isa = PBXFileReference; lastKnownFileType = sourcecode.swift; path = DisplayProvider.swift; sourceTree = "<group>"; };
			B20000000000000000000004 /* LayoutModels.swift */ = {isa = PBXFileReference; lastKnownFileType = sourcecode.swift; path = LayoutModels.swift; sourceTree = "<group>"; };
			B20000000000000000000005 /* LayoutEngine.swift */ = {isa = PBXFileReference; lastKnownFileType = sourcecode.swift; path = LayoutEngine.swift; sourceTree = "<group>"; };
			B20000000000000000000006 /* LayoutTemplates.swift */ = {isa = PBXFileReference; lastKnownFileType = sourcecode.swift; path = LayoutTemplates.swift; sourceTree = "<group>"; };
			B20000000000000000000007 /* LayoutController.swift */ = {isa = PBXFileReference; lastKnownFileType = sourcecode.swift; path = LayoutController.swift; sourceTree = "<group>"; };
			B20000000000000000000008 /* LayoutPreview.swift */ = {isa = PBXFileReference; lastKnownFileType = sourcecode.swift; path = LayoutPreview.swift; sourceTree = "<group>"; };
			B20000000000000000000009 /* LayoutEngineTests.swift */ = {isa = PBXFileReference; lastKnownFileType = sourcecode.swift; path = LayoutEngineTests.swift; sourceTree = "<group>"; };
			B2000000000000000000000A /* AppAlignTests.xctest */ = {isa = PBXFileReference; explicitFileType = wrapper.cfbundle; includeInIndex = 0; path = AppAlignTests.xctest; sourceTree = BUILT_PRODUCTS_DIR; };
			B2000000000000000000000B /* THIRD_PARTY_NOTICES.md */ = {isa = PBXFileReference; lastKnownFileType = net.daringfireball.markdown; path = THIRD_PARTY_NOTICES.md; sourceTree = "<group>"; };
			B2000000000000000000000C /* Persistence.swift */ = {isa = PBXFileReference; lastKnownFileType = sourcecode.swift; path = Persistence.swift; sourceTree = "<group>"; };
			B2000000000000000000000D /* PersistenceTests.swift */ = {isa = PBXFileReference; lastKnownFileType = sourcecode.swift; path = PersistenceTests.swift; sourceTree = "<group>"; };
			B20000000000000000000010 /* LayoutEditing.swift */ = {isa = PBXFileReference; lastKnownFileType = sourcecode.swift; path = LayoutEditing.swift; sourceTree = "<group>"; };
			B20000000000000000000011 /* LayoutEditorModel.swift */ = {isa = PBXFileReference; lastKnownFileType = sourcecode.swift; path = LayoutEditorModel.swift; sourceTree = "<group>"; };
			B20000000000000000000012 /* LayoutEditorTests.swift */ = {isa = PBXFileReference; lastKnownFileType = sourcecode.swift; path = LayoutEditorTests.swift; sourceTree = "<group>"; };
			B20000000000000000000013 /* LayoutEditorConcurrencyTests.swift */ = {isa = PBXFileReference; lastKnownFileType = sourcecode.swift; path = LayoutEditorConcurrencyTests.swift; sourceTree = "<group>"; };
/* End PBXFileReference section */

/* Begin PBXFrameworksBuildPhase section */
			A30000000000000000000001 /* Frameworks */ = {isa = PBXFrameworksBuildPhase; buildActionMask = 2147483647; files = (); runOnlyForDeploymentPostprocessing = 0; };
			A30000000000000000000002 /* AppAlignTests Frameworks */ = {isa = PBXFrameworksBuildPhase; buildActionMask = 2147483647; files = (); runOnlyForDeploymentPostprocessing = 0; };
/* End PBXFrameworksBuildPhase section */

/* Begin PBXGroup section */
			A40000000000000000000001 = {
				isa = PBXGroup;
				children = (
					A40000000000000000000002 /* AppAlign */,
					B40000000000000000000001 /* AppAlignTests */,
					B2000000000000000000000B /* THIRD_PARTY_NOTICES.md */,
					A40000000000000000000003 /* Products */,
				);
				sourceTree = "<group>";
			};
			A40000000000000000000002 /* AppAlign */ = {
				isa = PBXGroup;
				children = (
					A20000000000000000000001 /* AppAlignApp.swift */,
					A20000000000000000000002 /* ContentView.swift */,
					A20000000000000000000006 /* LayoutEditorView.swift */,
					A20000000000000000000007 /* LayoutEditorPreview.swift */,
					A20000000000000000000005 /* WindowManagement.swift */,
					B20000000000000000000001 /* DisplayModels.swift */,
					B20000000000000000000002 /* DisplayGeometry.swift */,
					B20000000000000000000003 /* DisplayProvider.swift */,
					B20000000000000000000004 /* LayoutModels.swift */,
					B20000000000000000000005 /* LayoutEngine.swift */,
					B20000000000000000000006 /* LayoutTemplates.swift */,
					B20000000000000000000007 /* LayoutController.swift */,
					B20000000000000000000008 /* LayoutPreview.swift */,
					B2000000000000000000000C /* Persistence.swift */,
					B20000000000000000000010 /* LayoutEditing.swift */,
					B20000000000000000000011 /* LayoutEditorModel.swift */,
					A20000000000000000000003 /* Assets.xcassets */,
				);
				path = AppAlign;
				sourceTree = "<group>";
			};
			A40000000000000000000003 /* Products */ = {
				isa = PBXGroup;
				children = (A20000000000000000000004 /* AppAlign.app */, B2000000000000000000000A /* AppAlignTests.xctest */,);
				name = Products;
				sourceTree = "<group>";
			};
			B40000000000000000000001 /* AppAlignTests */ = {
				isa = PBXGroup;
				children = (B20000000000000000000009 /* LayoutEngineTests.swift */, B2000000000000000000000D /* PersistenceTests.swift */, B20000000000000000000012 /* LayoutEditorTests.swift */, B20000000000000000000013 /* LayoutEditorConcurrencyTests.swift */,);
				path = AppAlignTests;
				sourceTree = "<group>";
			};
/* End PBXGroup section */

/* Begin PBXSourcesBuildPhase section */
				A50000000000000000000001 /* Sources */ = {
				isa = PBXSourcesBuildPhase;
				buildActionMask = 2147483647;
				files = (
					A10000000000000000000001 /* AppAlignApp.swift in Sources */,
					A10000000000000000000002 /* ContentView.swift in Sources */,
					A10000000000000000000006 /* LayoutEditorView.swift in Sources */,
					A10000000000000000000007 /* LayoutEditorPreview.swift in Sources */,
					A10000000000000000000003 /* WindowManagement.swift in Sources */,
					B10000000000000000000001 /* DisplayModels.swift in Sources */,
					B10000000000000000000002 /* DisplayGeometry.swift in Sources */,
					B10000000000000000000003 /* DisplayProvider.swift in Sources */,
					B10000000000000000000004 /* LayoutModels.swift in Sources */,
					B10000000000000000000005 /* LayoutEngine.swift in Sources */,
					B10000000000000000000006 /* LayoutTemplates.swift in Sources */,
					B10000000000000000000007 /* LayoutController.swift in Sources */,
					B10000000000000000000008 /* LayoutPreview.swift in Sources */,
					B10000000000000000000010 /* Persistence.swift in Sources */,
					B10000000000000000000016 /* LayoutEditing.swift in Sources */,
					B10000000000000000000017 /* LayoutEditorModel.swift in Sources */,
				);
				runOnlyForDeploymentPostprocessing = 0;
			};
/* End PBXSourcesBuildPhase section */

/* Begin PBXBuildFile section for test sources */
			B50000000000000000000001 /* AppAlignTests Sources */ = {
				isa = PBXSourcesBuildPhase;
				buildActionMask = 2147483647;
				files = (
					B10000000000000000000009 /* DisplayModels.swift in Tests */,
					B1000000000000000000000A /* DisplayGeometry.swift in Tests */,
					B1000000000000000000000B /* LayoutModels.swift in Tests */,
					B1000000000000000000000C /* LayoutEngine.swift in Tests */,
					B1000000000000000000000D /* LayoutTemplates.swift in Tests */,
					B1000000000000000000000E /* LayoutEngineTests.swift in Tests */,
					B10000000000000000000011 /* Persistence.swift in Tests */,
					B10000000000000000000012 /* DisplayProvider.swift in Tests */,
					B10000000000000000000013 /* LayoutController.swift in Tests */,
					B10000000000000000000014 /* WindowManagement.swift in Tests */,
					B10000000000000000000015 /* PersistenceTests.swift in Tests */,
					B10000000000000000000018 /* LayoutEditing.swift in Tests */,
					B10000000000000000000019 /* LayoutEditorTests.swift in Tests */,
					B1000000000000000000001A /* LayoutEditorModel.swift in Tests */,
					B1000000000000000000001B /* LayoutEditorConcurrencyTests.swift in Tests */,
				);
				runOnlyForDeploymentPostprocessing = 0;
			};
/* End test sources build phase */

/* Begin PBXNativeTarget section */
				A60000000000000000000001 /* AppAlign */ = {
					isa = PBXNativeTarget;
					buildConfigurationList = A70000000000000000000002 /* Build configuration list for PBXNativeTarget */;
					buildPhases = (
						A50000000000000000000001 /* Sources */,
						A30000000000000000000001 /* Frameworks */,
						A80000000000000000000001 /* Resources */,
					);
					buildRules = ();
					dependencies = ();
					name = AppAlign;
					productName = AppAlign;
					productReference = A20000000000000000000004 /* AppAlign.app */;
				productType = "com.apple.product-type.application";
			};
			B60000000000000000000001 /* AppAlignTests */ = {
				isa = PBXNativeTarget;
				buildConfigurationList = B70000000000000000000001 /* AppAlignTests configuration list */;
				buildPhases = (
					B50000000000000000000001 /* AppAlignTests Sources */,
					A30000000000000000000002 /* AppAlignTests Frameworks */,
					A80000000000000000000002 /* AppAlignTests Resources */,
				);
				buildRules = ();
				dependencies = ();
				name = AppAlignTests;
				productName = AppAlignTests;
				productReference = B2000000000000000000000A /* AppAlignTests.xctest */;
				productType = "com.apple.product-type.bundle.unit-test";
			};
/* End PBXNativeTarget section */

/* Begin PBXProject section */
				A90000000000000000000001 /* Project object */ = {
					isa = PBXProject;
					attributes = {
						BuildIndependentTargetsInParallel = 1;
						LastSwiftUpdateCheck = 2650;
						LastUpgradeCheck = 2650;
						TargetAttributes = {A60000000000000000000001 = {CreatedOnToolsVersion = 26.5; }; B60000000000000000000001 = {CreatedOnToolsVersion = 26.5; };};
					};
					buildConfigurationList = A70000000000000000000003 /* Build configuration list for PBXProject */;
					compatibilityVersion = "Xcode 16.0";
					developmentRegion = en;
					hasScannedForEncodings = 0;
					knownRegions = (en, Base,);
					mainGroup = A40000000000000000000001;
					productRefGroup = A40000000000000000000003 /* Products */;
					projectDirPath = "";
					projectRoot = "";
				targets = (A60000000000000000000001 /* AppAlign */, B60000000000000000000001 /* AppAlignTests */,);
				};
/* End PBXProject section */

/* Begin PBXResourcesBuildPhase section */
			A80000000000000000000001 /* Resources */ = {
				isa = PBXResourcesBuildPhase;
				buildActionMask = 2147483647;
				files = (B1000000000000000000000F /* THIRD_PARTY_NOTICES.md in Resources */,);
					runOnlyForDeploymentPostprocessing = 0;
			};
			A80000000000000000000002 /* AppAlignTests Resources */ = {
				isa = PBXResourcesBuildPhase;
				buildActionMask = 2147483647;
				files = ();
				runOnlyForDeploymentPostprocessing = 0;
			};
/* End PBXResourcesBuildPhase section */

/* Begin XCBuildConfiguration section */
				AB0000000000000000000001 /* Debug */ = {
					isa = XCBuildConfiguration;
					buildSettings = {
						ASSETCATALOG_COMPILER_APPICON_NAME = AppIcon;
						CODE_SIGN_STYLE = Automatic;
						ENABLE_APP_SANDBOX = NO;
						COMBINE_HIDPI_IMAGES = YES;
						ENABLE_PREVIEWS = YES;
						GENERATE_INFOPLIST_FILE = YES;
						INFOPLIST_KEY_LSApplicationCategoryType = "public.app-category.utilities";
						INFOPLIST_KEY_NSHighResolutionCapable = YES;
						INFOPLIST_KEY_NSMainStoryboardFile = "";
						INFOPLIST_KEY_NSPrincipalClass = NSApplication;
						INFOPLIST_KEY_LSUIElement = YES;
						MACOSX_DEPLOYMENT_TARGET = 15.0;
						PRODUCT_BUNDLE_IDENTIFIER = jp.a2c.AppAlign;
						PRODUCT_NAME = "$(TARGET_NAME)";
						SDKROOT = macosx;
						SWIFT_EMIT_LOC_STRINGS = YES;
						SWIFT_VERSION = 6.0;
						TARGETED_DEVICE_FAMILY = 1;
					};
					name = Debug;
				};
				AB0000000000000000000002 /* Release */ = {
					isa = XCBuildConfiguration;
					buildSettings = {
						ASSETCATALOG_COMPILER_APPICON_NAME = AppIcon;
						CODE_SIGN_STYLE = Automatic;
						ENABLE_APP_SANDBOX = NO;
						COMBINE_HIDPI_IMAGES = YES;
						ENABLE_PREVIEWS = YES;
						GENERATE_INFOPLIST_FILE = YES;
						INFOPLIST_KEY_LSApplicationCategoryType = "public.app-category.utilities";
						INFOPLIST_KEY_NSHighResolutionCapable = YES;
						INFOPLIST_KEY_NSMainStoryboardFile = "";
						INFOPLIST_KEY_NSPrincipalClass = NSApplication;
						INFOPLIST_KEY_LSUIElement = YES;
						MACOSX_DEPLOYMENT_TARGET = 15.0;
						PRODUCT_BUNDLE_IDENTIFIER = jp.a2c.AppAlign;
						PRODUCT_NAME = "$(TARGET_NAME)";
						SDKROOT = macosx;
						SWIFT_EMIT_LOC_STRINGS = YES;
						SWIFT_VERSION = 6.0;
						TARGETED_DEVICE_FAMILY = 1;
					};
					name = Release;
				};
				AB0000000000000000000003 /* Project Debug */ = {isa = XCBuildConfiguration; buildSettings = { SWIFT_ACTIVE_COMPILATION_CONDITIONS = "$(inherited) DEBUG"; }; name = Debug; };
				AB0000000000000000000004 /* Project Release */ = {isa = XCBuildConfiguration; buildSettings = {}; name = Release; };
				B80000000000000000000001 /* AppAlignTests Debug */ = {isa = XCBuildConfiguration; buildSettings = { CODE_SIGN_STYLE = Automatic; GENERATE_INFOPLIST_FILE = YES; MACOSX_DEPLOYMENT_TARGET = 15.0; PRODUCT_BUNDLE_IDENTIFIER = jp.a2c.AppAlignTests; PRODUCT_NAME = "$(TARGET_NAME)"; SDKROOT = macosx; SWIFT_VERSION = 6.0; }; name = Debug; };
				B80000000000000000000002 /* AppAlignTests Release */ = {isa = XCBuildConfiguration; buildSettings = { CODE_SIGN_STYLE = Automatic; GENERATE_INFOPLIST_FILE = YES; MACOSX_DEPLOYMENT_TARGET = 15.0; PRODUCT_BUNDLE_IDENTIFIER = jp.a2c.AppAlignTests; PRODUCT_NAME = "$(TARGET_NAME)"; SDKROOT = macosx; SWIFT_VERSION = 6.0; }; name = Release; };
/* End XCBuildConfiguration section */

/* Begin XCConfigurationList section */
				A70000000000000000000003 /* Project configuration list for PBXProject */ = {isa = XCConfigurationList; buildConfigurations = (AB0000000000000000000003 /* Project Debug */, AB0000000000000000000004 /* Project Release */,); defaultConfigurationIsVisible = 0; defaultConfigurationName = Debug; };
			A70000000000000000000002 /* Build configuration list for PBXNativeTarget */ = {isa = XCConfigurationList; buildConfigurations = (AB0000000000000000000001 /* Debug */, AB0000000000000000000002 /* Release */,); defaultConfigurationIsVisible = 0; defaultConfigurationName = Debug; };
			B70000000000000000000001 /* AppAlignTests configuration list */ = {isa = XCConfigurationList; buildConfigurations = (B80000000000000000000001 /* Debug */, B80000000000000000000002 /* Release */,); defaultConfigurationIsVisible = 0; defaultConfigurationName = Debug; };
/* End XCConfigurationList section */
	};
	rootObject = A90000000000000000000001 /* Project object */;
}
